
Microsoft Visual Studio Solution File, Format Version 12.00
# Visual Studio Version 16
VisualStudioVersion = 16.0.31410.357
MinimumVisualStudioVersion = 10.0.40219.1
Project("{FAE04EC0-301F-11D3-BF4B-00C04F79EFBC}") = "SimpleCRUD", "SimpleCRUD\SimpleCRUD.csproj", "{8891D386-18C9-48FE-B236-8461452B1DEC}"
EndProject
Global
	GlobalSection(SolutionConfigurationPlatforms) = preSolution
		Debug|Any CPU = Debug|Any CPU
		Release|Any CPU = Release|Any CPU
	EndGlobalSection
	GlobalSection(ProjectConfigurationPlatforms) = postSolution
		{8891D386-18C9-48FE-B236-8461452B1DEC}.Debug|Any CPU.ActiveCfg = Debug|Any CPU
		{8891D386-18C9-48FE-B236-8461452B1DEC}.Debug|Any CPU.Build.0 = Debug|Any CPU
		{8891D386-18C9-48FE-B236-8461452B1DEC}.Release|Any CPU.ActiveCfg = Release|Any CPU
		{8891D386-18C9-48FE-B236-8461452B1DEC}.Release|Any CPU.Build.0 = Release|Any CPU
	EndGlobalSection
	GlobalSection(SolutionProperties) = preSolution
		HideSolutionNode = FALSE
	EndGlobalSection
	GlobalSection(ExtensibilityGlobals) = postSolution
		SolutionGuid = {C3B9B4AB-DB2B-458A-B5C5-22883979471B}
	EndGlobalSection
EndGlobal
